// !$*UTF8*$!
{
	archiveVersion = 1;
	classes = {
	};
	objectVersion = 50;
	objects = {

/* Begin PBXBuildFile section */
		A9139CA826653C1D0065FEF8 /* SwiftUILab_AAApp.swift in Sources */ = {isa = PBXBuildFile; fileRef = A9139C9526653C1B0065FEF8 /* SwiftUILab_AAApp.swift */; };
		A9139CA926653C1D0065FEF8 /* SwiftUILab_AAApp.swift in Sources */ = {isa = PBXBuildFile; fileRef = A9139C9526653C1B0065FEF8 /* SwiftUILab_AAApp.swift */; };
		A9139CAA26653C1D0065FEF8 /* ContentView.swift in Sources */ = {isa = PBXBuildFile; fileRef = A9139C9626653C1B0065FEF8 /* ContentView.swift */; };
		A9139CAB26653C1D0065FEF8 /* ContentView.swift in Sources */ = {isa = PBXBuildFile; fileRef = A9139C9626653C1B0065FEF8 /* ContentView.swift */; };
		A9139CAC26653C1D0065FEF8 /* Assets.xcassets in Resources */ = {isa = PBXBuildFile; fileRef = A9139C9726653C1D0065FEF8 /* Assets.xcassets */; };
		A9139CAD26653C1D0065FEF8 /* Assets.xcassets in Resources */ = {isa = PBXBuildFile; fileRef = A9139C9726653C1D0065FEF8 /* Assets.xcassets */; };
		A9139CB726653C730065FEF8 /* MyButton.swift in Sources */ = {isa = PBXBuildFile; fileRef = A9139CB626653C730065FEF8 /* MyButton.swift */; };
		A9139CB826653C730065FEF8 /* MyButton.swift in Sources */ = {isa = PBXBuildFile; fileRef = A9139CB626653C730065FEF8 /* MyButton.swift */; };
		A9139CBA26653CB60065FEF8 /* Example1PolygonShape.swift in Sources */ = {isa = PBXBuildFile; fileRef = A9139CB926653CB60065FEF8 /* Example1PolygonShape.swift */; };
		A9139CBB26653CB60065FEF8 /* Example1PolygonShape.swift in Sources */ = {isa = PBXBuildFile; fileRef = A9139CB926653CB60065FEF8 /* Example1PolygonShape.swift */; };
		A9139CBE26653CEE0065FEF8 /* README.md in Resources */ = {isa = PBXBuildFile; fileRef = A9139CBD26653CEE0065FEF8 /* README.md */; };
		A9139CBF26653CEE0065FEF8 /* README.md in Resources */ = {isa = PBXBuildFile; fileRef = A9139CBD26653CEE0065FEF8 /* README.md */; };
		A9139CC126653D920065FEF8 /* Example1.swift in Sources */ = {isa = PBXBuildFile; fileRef = A9139CC026653D920065FEF8 /* Example1.swift */; };
		A9139CC226653D920065FEF8 /* Example1.swift in Sources */ = {isa = PBXBuildFile; fileRef = A9139CC026653D920065FEF8 /* Example1.swift */; };
		A9139CC4266540580065FEF8 /* View+OperatingSystem.swift in Sources */ = {isa = PBXBuildFile; fileRef = A9139CC3266540580065FEF8 /* View+OperatingSystem.swift */; };
		A9139CC5266540580065FEF8 /* View+OperatingSystem.swift in Sources */ = {isa = PBXBuildFile; fileRef = A9139CC3266540580065FEF8 /* View+OperatingSystem.swift */; };
		A9139CC9266541AB0065FEF8 /* Example2PolygonShape.swift in Sources */ = {isa = PBXBuildFile; fileRef = A9139CC8266541AB0065FEF8 /* Example2PolygonShape.swift */; };
		A9139CCA266541AB0065FEF8 /* Example2PolygonShape.swift in Sources */ = {isa = PBXBuildFile; fileRef = A9139CC8266541AB0065FEF8 /* Example2PolygonShape.swift */; };
		A9139CCD2665423A0065FEF8 /* Example2.swift in Sources */ = {isa = PBXBuildFile; fileRef = A9139CCC2665423A0065FEF8 /* Example2.swift */; };
		A9139CCE2665423A0065FEF8 /* Example2.swift in Sources */ = {isa = PBXBuildFile; fileRef = A9139CCC2665423A0065FEF8 /* Example2.swift */; };
		A9139CD0266542E50065FEF8 /* Example3PolygonShape.swift in Sources */ = {isa = PBXBuildFile; fileRef = A9139CCF266542E50065FEF8 /* Example3PolygonShape.swift */; };
		A9139CD1266542E50065FEF8 /* Example3PolygonShape.swift in Sources */ = {isa = PBXBuildFile; fileRef = A9139CCF266542E50065FEF8 /* Example3PolygonShape.swift */; };
		A9139CD42665443B0065FEF8 /* Example3.swift in Sources */ = {isa = PBXBuildFile; fileRef = A9139CD32665443B0065FEF8 /* Example3.swift */; };
		A9139CD52665443B0065FEF8 /* Example3.swift in Sources */ = {isa = PBXBuildFile; fileRef = A9139CD32665443B0065FEF8 /* Example3.swift */; };
		A9139CD72665449E0065FEF8 /* Example4PolygonShape.swift in Sources */ = {isa = PBXBuildFile; fileRef = A9139CD62665449E0065FEF8 /* Example4PolygonShape.swift */; };
		A9139CD82665449E0065FEF8 /* Example4PolygonShape.swift in Sources */ = {isa = PBXBuildFile; fileRef = A9139CD62665449E0065FEF8 /* Example4PolygonShape.swift */; };
		A9139CDB266544E80065FEF8 /* Example4.swift in Sources */ = {isa = PBXBuildFile; fileRef = A9139CDA266544E80065FEF8 /* Example4.swift */; };
		A9139CDC266544E80065FEF8 /* Example4.swift in Sources */ = {isa = PBXBuildFile; fileRef = A9139CDA266544E80065FEF8 /* Example4.swift */; };
		A9139CDE2665467E0065FEF8 /* ClockShape.swift in Sources */ = {isa = PBXBuildFile; fileRef = A9139CDD2665467E0065FEF8 /* ClockShape.swift */; };
		A9139CDF2665467E0065FEF8 /* ClockShape.swift in Sources */ = {isa = PBXBuildFile; fileRef = A9139CDD2665467E0065FEF8 /* ClockShape.swift */; };
		A9139CE2266546A70065FEF8 /* ClockTime.swift in Sources */ = {isa = PBXBuildFile; fileRef = A9139CE1266546A70065FEF8 /* ClockTime.swift */; };
		A9139CE3266546A70065FEF8 /* ClockTime.swift in Sources */ = {isa = PBXBuildFile; fileRef = A9139CE1266546A70065FEF8 /* ClockTime.swift */; };
		A9139CE5266547270065FEF8 /* Example5.swift in Sources */ = {isa = PBXBuildFile; fileRef = A9139CE4266547270065FEF8 /* Example5.swift */; };
		A9139CE6266547270065FEF8 /* Example5.swift in Sources */ = {isa = PBXBuildFile; fileRef = A9139CE4266547270065FEF8 /* Example5.swift */; };
		A9139CE82665478D0065FEF8 /* PetalShape.swift in Sources */ = {isa = PBXBuildFile; fileRef = A9139CE72665478D0065FEF8 /* PetalShape.swift */; };
		A9139CE92665478D0065FEF8 /* PetalShape.swift in Sources */ = {isa = PBXBuildFile; fileRef = A9139CE72665478D0065FEF8 /* PetalShape.swift */; };
		A9139CEC266548CD0065FEF8 /* FlowerColor.swift in Sources */ = {isa = PBXBuildFile; fileRef = A9139CEB266548CD0065FEF8 /* FlowerColor.swift */; };
		A9139CED266548CD0065FEF8 /* FlowerColor.swift in Sources */ = {isa = PBXBuildFile; fileRef = A9139CEB266548CD0065FEF8 /* FlowerColor.swift */; };
		A9139CEF266549620065FEF8 /* FlowerView.swift in Sources */ = {isa = PBXBuildFile; fileRef = A9139CEE266549620065FEF8 /* FlowerView.swift */; };
		A9139CF0266549620065FEF8 /* FlowerView.swift in Sources */ = {isa = PBXBuildFile; fileRef = A9139CEE266549620065FEF8 /* FlowerView.swift */; };
		A9139CF226654A050065FEF8 /* Example6.swift in Sources */ = {isa = PBXBuildFile; fileRef = A9139CF126654A050065FEF8 /* Example6.swift */; };
		A9139CF326654A050065FEF8 /* Example6.swift in Sources */ = {isa = PBXBuildFile; fileRef = A9139CF126654A050065FEF8 /* Example6.swift */; };
		A9139CF526654B920065FEF8 /* SkewedOffset.swift in Sources */ = {isa = PBXBuildFile; fileRef = A9139CF426654B920065FEF8 /* SkewedOffset.swift */; };
		A9139CF626654B920065FEF8 /* SkewedOffset.swift in Sources */ = {isa = PBXBuildFile; fileRef = A9139CF426654B920065FEF8 /* SkewedOffset.swift */; };
		A9139CF926654BC00065FEF8 /* LabelView.swift in Sources */ = {isa = PBXBuildFile; fileRef = A9139CF826654BC00065FEF8 /* LabelView.swift */; };
		A9139CFA26654BC00065FEF8 /* LabelView.swift in Sources */ = {isa = PBXBuildFile; fileRef = A9139CF826654BC00065FEF8 /* LabelView.swift */; };
		A9139CFC26654C660065FEF8 /* Example7.swift in Sources */ = {isa = PBXBuildFile; fileRef = A9139CFB26654C660065FEF8 /* Example7.swift */; };
		A9139CFD26654C660065FEF8 /* Example7.swift in Sources */ = {isa = PBXBuildFile; fileRef = A9139CFB26654C660065FEF8 /* Example7.swift */; };
		A9139CFF26654D1F0065FEF8 /* RotatingCard.swift in Sources */ = {isa = PBXBuildFile; fileRef = A9139CFE26654D1F0065FEF8 /* RotatingCard.swift */; };
		A9139D0026654D1F0065FEF8 /* RotatingCard.swift in Sources */ = {isa = PBXBuildFile; fileRef = A9139CFE26654D1F0065FEF8 /* RotatingCard.swift */; };
		A9139D0326654D440065FEF8 /* FlipEffect.swift in Sources */ = {isa = PBXBuildFile; fileRef = A9139D0226654D440065FEF8 /* FlipEffect.swift */; };
		A9139D0426654D440065FEF8 /* FlipEffect.swift in Sources */ = {isa = PBXBuildFile; fileRef = A9139D0226654D440065FEF8 /* FlipEffect.swift */; };
		A9139D0626654DE80065FEF8 /* Example8.swift in Sources */ = {isa = PBXBuildFile; fileRef = A9139D0526654DE80065FEF8 /* Example8.swift */; };
		A9139D0726654DE80065FEF8 /* Example8.swift in Sources */ = {isa = PBXBuildFile; fileRef = A9139D0526654DE80065FEF8 /* Example8.swift */; };
		A9139D0926654E4A0065FEF8 /* FollowEffect.swift in Sources */ = {isa = PBXBuildFile; fileRef = A9139D0826654E4A0065FEF8 /* FollowEffect.swift */; };
		A9139D0A26654E4A0065FEF8 /* FollowEffect.swift in Sources */ = {isa = PBXBuildFile; fileRef = A9139D0826654E4A0065FEF8 /* FollowEffect.swift */; };
		A9139D0D26654E7A0065FEF8 /* InfinityShape.swift in Sources */ = {isa = PBXBuildFile; fileRef = A9139D0C26654E7A0065FEF8 /* InfinityShape.swift */; };
		A9139D0E26654E7A0065FEF8 /* InfinityShape.swift in Sources */ = {isa = PBXBuildFile; fileRef = A9139D0C26654E7A0065FEF8 /* InfinityShape.swift */; };
		A9139D1026654EC40065FEF8 /* Example9.swift in Sources */ = {isa = PBXBuildFile; fileRef = A9139D0F26654EC40065FEF8 /* Example9.swift */; };
		A9139D1126654EC40065FEF8 /* Example9.swift in Sources */ = {isa = PBXBuildFile; fileRef = A9139D0F26654EC40065FEF8 /* Example9.swift */; };
		A9139D1326654F1A0065FEF8 /* PercentIndicatorView.swift in Sources */ = {isa = PBXBuildFile; fileRef = A9139D1226654F1A0065FEF8 /* PercentIndicatorView.swift */; };
		A9139D1426654F1A0065FEF8 /* PercentIndicatorView.swift in Sources */ = {isa = PBXBuildFile; fileRef = A9139D1226654F1A0065FEF8 /* PercentIndicatorView.swift */; };
		A9139D1726654F410065FEF8 /* PercentageIndicatorModifier.swift in Sources */ = {isa = PBXBuildFile; fileRef = A9139D1626654F410065FEF8 /* PercentageIndicatorModifier.swift */; };
		A9139D1826654F410065FEF8 /* PercentageIndicatorModifier.swift in Sources */ = {isa = PBXBuildFile; fileRef = A9139D1626654F410065FEF8 /* PercentageIndicatorModifier.swift */; };
		A9139D1A26654F770065FEF8 /* PercentLabelView.swift in Sources */ = {isa = PBXBuildFile; fileRef = A9139D1926654F770065FEF8 /* PercentLabelView.swift */; };
		A9139D1B26654F770065FEF8 /* PercentLabelView.swift in Sources */ = {isa = PBXBuildFile; fileRef = A9139D1926654F770065FEF8 /* PercentLabelView.swift */; };
		A9139D1D266550C10065FEF8 /* PercentArcShape.swift in Sources */ = {isa = PBXBuildFile; fileRef = A9139D1C266550C10065FEF8 /* PercentArcShape.swift */; };
		A9139D1E266550C10065FEF8 /* PercentArcShape.swift in Sources */ = {isa = PBXBuildFile; fileRef = A9139D1C266550C10065FEF8 /* PercentArcShape.swift */; };
		A9139D202665523D0065FEF8 /* Example10.swift in Sources */ = {isa = PBXBuildFile; fileRef = A9139D1F2665523D0065FEF8 /* Example10.swift */; };
		A9139D212665523D0065FEF8 /* Example10.swift in Sources */ = {isa = PBXBuildFile; fileRef = A9139D1F2665523D0065FEF8 /* Example10.swift */; };
		A9139D23266552A20065FEF8 /* AnimatableGradientModifier.swift in Sources */ = {isa = PBXBuildFile; fileRef = A9139D22266552A20065FEF8 /* AnimatableGradientModifier.swift */; };
		A9139D24266552A20065FEF8 /* AnimatableGradientModifier.swift in Sources */ = {isa = PBXBuildFile; fileRef = A9139D22266552A20065FEF8 /* AnimatableGradientModifier.swift */; };
		A9139D27266552E10065FEF8 /* Example11.swift in Sources */ = {isa = PBXBuildFile; fileRef = A9139D26266552E10065FEF8 /* Example11.swift */; };
		A9139D28266552E10065FEF8 /* Example11.swift in Sources */ = {isa = PBXBuildFile; fileRef = A9139D26266552E10065FEF8 /* Example11.swift */; };
		A9139D2A2665535C0065FEF8 /* WaveTextModifier.swift in Sources */ = {isa = PBXBuildFile; fileRef = A9139D292665535C0065FEF8 /* WaveTextModifier.swift */; };
		A9139D2B2665535C0065FEF8 /* WaveTextModifier.swift in Sources */ = {isa = PBXBuildFile; fileRef = A9139D292665535C0065FEF8 /* WaveTextModifier.swift */; };
		A9139D2E266553A10065FEF8 /* Double+Angle.swift in Sources */ = {isa = PBXBuildFile; fileRef = A9139D2D266553A10065FEF8 /* Double+Angle.swift */; };
		A9139D2F266553A10065FEF8 /* Double+Angle.swift in Sources */ = {isa = PBXBuildFile; fileRef = A9139D2D266553A10065FEF8 /* Double+Angle.swift */; };
		A9139D31266553C50065FEF8 /* WaveTextView.swift in Sources */ = {isa = PBXBuildFile; fileRef = A9139D30266553C50065FEF8 /* WaveTextView.swift */; };
		A9139D32266553C50065FEF8 /* WaveTextView.swift in Sources */ = {isa = PBXBuildFile; fileRef = A9139D30266553C50065FEF8 /* WaveTextView.swift */; };
		A9139D342665545B0065FEF8 /* Example12.swift in Sources */ = {isa = PBXBuildFile; fileRef = A9139D332665545B0065FEF8 /* Example12.swift */; };
		A9139D352665545B0065FEF8 /* Example12.swift in Sources */ = {isa = PBXBuildFile; fileRef = A9139D332665545B0065FEF8 /* Example12.swift */; };
		A9139D37266554C20065FEF8 /* MovingCounterModifier.swift in Sources */ = {isa = PBXBuildFile; fileRef = A9139D36266554C20065FEF8 /* MovingCounterModifier.swift */; };
		A9139D38266554C20065FEF8 /* MovingCounterModifier.swift in Sources */ = {isa = PBXBuildFile; fileRef = A9139D36266554C20065FEF8 /* MovingCounterModifier.swift */; };
		A9139D3B266555060065FEF8 /* MCMBackShape.swift in Sources */ = {isa = PBXBuildFile; fileRef = A9139D3A266555060065FEF8 /* MCMBackShape.swift */; };
		A9139D3C266555060065FEF8 /* MCMBackShape.swift in Sources */ = {isa = PBXBuildFile; fileRef = A9139D3A266555060065FEF8 /* MCMBackShape.swift */; };
		A9139D3E266555900065FEF8 /* MCMClipShape.swift in Sources */ = {isa = PBXBuildFile; fileRef = A9139D3D266555900065FEF8 /* MCMClipShape.swift */; };
		A9139D3F266555900065FEF8 /* MCMClipShape.swift in Sources */ = {isa = PBXBuildFile; fileRef = A9139D3D266555900065FEF8 /* MCMClipShape.swift */; };
		A9139D41266555EE0065FEF8 /* YShiftEffect.swift in Sources */ = {isa = PBXBuildFile; fileRef = A9139D40266555EE0065FEF8 /* YShiftEffect.swift */; };
		A9139D42266555EE0065FEF8 /* YShiftEffect.swift in Sources */ = {isa = PBXBuildFile; fileRef = A9139D40266555EE0065FEF8 /* YShiftEffect.swift */; };
		A9139D442665566E0065FEF8 /* Example13.swift in Sources */ = {isa = PBXBuildFile; fileRef = A9139D432665566E0065FEF8 /* Example13.swift */; };
		A9139D452665566E0065FEF8 /* Example13.swift in Sources */ = {isa = PBXBuildFile; fileRef = A9139D432665566E0065FEF8 /* Example13.swift */; };
		A9139D47266557320065FEF8 /* MovingCounterView.swift in Sources */ = {isa = PBXBuildFile; fileRef = A9139D46266557320065FEF8 /* MovingCounterView.swift */; };
		A9139D48266557320065FEF8 /* MovingCounterView.swift in Sources */ = {isa = PBXBuildFile; fileRef = A9139D46266557320065FEF8 /* MovingCounterView.swift */; };
		A9139D4A266557EC0065FEF8 /* AnimatableColorTextView.swift in Sources */ = {isa = PBXBuildFile; fileRef = A9139D49266557EC0065FEF8 /* AnimatableColorTextView.swift */; };
		A9139D4B266557EC0065FEF8 /* AnimatableColorTextView.swift in Sources */ = {isa = PBXBuildFile; fileRef = A9139D49266557EC0065FEF8 /* AnimatableColorTextView.swift */; };
		A9139D4E266558060065FEF8 /* AnimatableColorTextModifier.swift in Sources */ = {isa = PBXBuildFile; fileRef = A9139D4D266558060065FEF8 /* AnimatableColorTextModifier.swift */; };
		A9139D4F266558060065FEF8 /* AnimatableColorTextModifier.swift in Sources */ = {isa = PBXBuildFile; fileRef = A9139D4D266558060065FEF8 /* AnimatableColorTextModifier.swift */; };
		A9139D512665599B0065FEF8 /* Example14.swift in Sources */ = {isa = PBXBuildFile; fileRef = A9139D502665599B0065FEF8 /* Example14.swift */; };
		A9139D522665599B0065FEF8 /* Example14.swift in Sources */ = {isa = PBXBuildFile; fileRef = A9139D502665599B0065FEF8 /* Example14.swift */; };
		A9139D5426655B6D0065FEF8 /* String+Title.swift in Sources */ = {isa = PBXBuildFile; fileRef = A9139D5326655B6D0065FEF8 /* String+Title.swift */; };
		A9139D5526655B6D0065FEF8 /* String+Title.swift in Sources */ = {isa = PBXBuildFile; fileRef = A9139D5326655B6D0065FEF8 /* String+Title.swift */; };
/* End PBXBuildFile section */

/* Begin PBXFileReference section */
		A9139C9526653C1B0065FEF8 /* SwiftUILab_AAApp.swift */ = {isa = PBXFileReference; lastKnownFileType = sourcecode.swift; path = SwiftUILab_AAApp.swift; sourceTree = "<group>"; };
		A9139C9626653C1B0065FEF8 /* ContentView.swift */ = {isa = PBXFileReference; lastKnownFileType = sourcecode.swift; path = ContentView.swift; sourceTree = "<group>"; };
		A9139C9726653C1D0065FEF8 /* Assets.xcassets */ = {isa = PBXFileReference; lastKnownFileType = folder.assetcatalog; path = Assets.xcassets; sourceTree = "<group>"; };
		A9139C9C26653C1D0065FEF8 /* SwiftUILab_AA.app */ = {isa = PBXFileReference; explicitFileType = wrapper.application; includeInIndex = 0; path = SwiftUILab_AA.app; sourceTree = BUILT_PRODUCTS_DIR; };
		A9139C9F26653C1D0065FEF8 /* Info.plist */ = {isa = PBXFileReference; lastKnownFileType = text.plist.xml; path = Info.plist; sourceTree = "<group>"; };
		A9139CA426653C1D0065FEF8 /* SwiftUILab_AA.app */ = {isa = PBXFileReference; explicitFileType = wrapper.application; includeInIndex = 0; path = SwiftUILab_AA.app; sourceTree = BUILT_PRODUCTS_DIR; };
		A9139CA626653C1D0065FEF8 /* Info.plist */ = {isa = PBXFileReference; lastKnownFileType = text.plist.xml; path = Info.plist; sourceTree = "<group>"; };
		A9139CA726653C1D0065FEF8 /* macOS.entitlements */ = {isa = PBXFileReference; lastKnownFileType = text.plist.entitlements; path = macOS.entitlements; sourceTree = "<group>"; };
		A9139CB626653C730065FEF8 /* MyButton.swift */ = {isa = PBXFileReference; lastKnownFileType = sourcecode.swift; path = MyButton.swift; sourceTree = "<group>"; };
		A9139CB926653CB60065FEF8 /* Example1PolygonShape.swift */ = {isa = PBXFileReference; lastKnownFileType = sourcecode.swift; path = Example1PolygonShape.swift; sourceTree = "<group>"; };
		A9139CBD26653CEE0065FEF8 /* README.md */ = {isa = PBXFileReference; fileEncoding = 4; lastKnownFileType = net.daringfireball.markdown; name = README.md; path = ../README.md; sourceTree = "<group>"; };
		A9139CC026653D920065FEF8 /* Example1.swift */ = {isa = PBXFileReference; lastKnownFileType = sourcecode.swift; path = Example1.swift; sourceTree = "<group>"; };
		A9139CC3266540580065FEF8 /* View+OperatingSystem.swift */ = {isa = PBXFileReference; fileEncoding = 4; lastKnownFileType = sourcecode.swift; path = "View+OperatingSystem.swift"; sourceTree = "<group>"; };
		A9139CC8266541AB0065FEF8 /* Example2PolygonShape.swift */ = {isa = PBXFileReference; lastKnownFileType = sourcecode.swift; path = Example2PolygonShape.swift; sourceTree = "<group>"; };
		A9139CCC2665423A0065FEF8 /* Example2.swift */ = {isa = PBXFileReference; lastKnownFileType = sourcecode.swift; path = Example2.swift; sourceTree = "<group>"; };
		A9139CCF266542E50065FEF8 /* Example3PolygonShape.swift */ = {isa = PBXFileReference; lastKnownFileType = sourcecode.swift; path = Example3PolygonShape.swift; sourceTree = "<group>"; };
		A9139CD32665443B0065FEF8 /* Example3.swift */ = {isa = PBXFileReference; lastKnownFileType = sourcecode.swift; path = Example3.swift; sourceTree = "<group>"; };
		A9139CD62665449E0065FEF8 /* Example4PolygonShape.swift */ = {isa = PBXFileReference; lastKnownFileType = sourcecode.swift; path = Example4PolygonShape.swift; sourceTree = "<group>"; };
		A9139CDA266544E80065FEF8 /* Example4.swift */ = {isa = PBXFileReference; lastKnownFileType = sourcecode.swift; path = Example4.swift; sourceTree = "<group>"; };
		A9139CDD2665467E0065FEF8 /* ClockShape.swift */ = {isa = PBXFileReference; lastKnownFileType = sourcecode.swift; path = ClockShape.swift; sourceTree = "<group>"; };
		A9139CE1266546A70065FEF8 /* ClockTime.swift */ = {isa = PBXFileReference; lastKnownFileType = sourcecode.swift; path = ClockTime.swift; sourceTree = "<group>"; };
		A9139CE4266547270065FEF8 /* Example5.swift */ = {isa = PBXFileReference; lastKnownFileType = sourcecode.swift; path = Example5.swift; sourceTree = "<group>"; };
		A9139CE72665478D0065FEF8 /* PetalShape.swift */ = {isa = PBXFileReference; lastKnownFileType = sourcecode.swift; path = PetalShape.swift; sourceTree = "<group>"; };
		A9139CEB266548CD0065FEF8 /* FlowerColor.swift */ = {isa = PBXFileReference; lastKnownFileType = sourcecode.swift; path = FlowerColor.swift; sourceTree = "<group>"; };
		A9139CEE266549620065FEF8 /* FlowerView.swift */ = {isa = PBXFileReference; lastKnownFileType = sourcecode.swift; path = FlowerView.swift; sourceTree = "<group>"; };
		A9139CF126654A050065FEF8 /* Example6.swift */ = {isa = PBXFileReference; lastKnownFileType = sourcecode.swift; path = Example6.swift; sourceTree = "<group>"; };
		A9139CF426654B920065FEF8 /* SkewedOffset.swift */ = {isa = PBXFileReference; lastKnownFileType = sourcecode.swift; path = SkewedOffset.swift; sourceTree = "<group>"; };
		A9139CF826654BC00065FEF8 /* LabelView.swift */ = {isa = PBXFileReference; lastKnownFileType = sourcecode.swift; path = LabelView.swift; sourceTree = "<group>"; };
		A9139CFB26654C660065FEF8 /* Example7.swift */ = {isa = PBXFileReference; lastKnownFileType = sourcecode.swift; path = Example7.swift; sourceTree = "<group>"; };
		A9139CFE26654D1F0065FEF8 /* RotatingCard.swift */ = {isa = PBXFileReference; lastKnownFileType = sourcecode.swift; path = RotatingCard.swift; sourceTree = "<group>"; };
		A9139D0226654D440065FEF8 /* FlipEffect.swift */ = {isa = PBXFileReference; lastKnownFileType = sourcecode.swift; path = FlipEffect.swift; sourceTree = "<group>"; };
		A9139D0526654DE80065FEF8 /* Example8.swift */ = {isa = PBXFileReference; lastKnownFileType = sourcecode.swift; path = Example8.swift; sourceTree = "<group>"; };
		A9139D0826654E4A0065FEF8 /* FollowEffect.swift */ = {isa = PBXFileReference; lastKnownFileType = sourcecode.swift; path = FollowEffect.swift; sourceTree = "<group>"; };
		A9139D0C26654E7A0065FEF8 /* InfinityShape.swift */ = {isa = PBXFileReference; lastKnownFileType = sourcecode.swift; path = InfinityShape.swift; sourceTree = "<group>"; };
		A9139D0F26654EC40065FEF8 /* Example9.swift */ = {isa = PBXFileReference; lastKnownFileType = sourcecode.swift; path = Example9.swift; sourceTree = "<group>"; };
		A9139D1226654F1A0065FEF8 /* PercentIndicatorView.swift */ = {isa = PBXFileReference; lastKnownFileType = sourcecode.swift; path = PercentIndicatorView.swift; sourceTree = "<group>"; };
		A9139D1626654F410065FEF8 /* PercentageIndicatorModifier.swift */ = {isa = PBXFileReference; lastKnownFileType = sourcecode.swift; path = PercentageIndicatorModifier.swift; sourceTree = "<group>"; };
		A9139D1926654F770065FEF8 /* PercentLabelView.swift */ = {isa = PBXFileReference; lastKnownFileType = sourcecode.swift; path = PercentLabelView.swift; sourceTree = "<group>"; };
		A9139D1C266550C10065FEF8 /* PercentArcShape.swift */ = {isa = PBXFileReference; lastKnownFileType = sourcecode.swift; path = PercentArcShape.swift; sourceTree = "<group>"; };
		A9139D1F2665523D0065FEF8 /* Example10.swift */ = {isa = PBXFileReference; lastKnownFileType = sourcecode.swift; path = Example10.swift; sourceTree = "<group>"; };
		A9139D22266552A20065FEF8 /* AnimatableGradientModifier.swift */ = {isa = PBXFileReference; lastKnownFileType = sourcecode.swift; path = AnimatableGradientModifier.swift; sourceTree = "<group>"; };
		A9139D26266552E10065FEF8 /* Example11.swift */ = {isa = PBXFileReference; lastKnownFileType = sourcecode.swift; path = Example11.swift; sourceTree = "<group>"; };
		A9139D292665535C0065FEF8 /* WaveTextModifier.swift */ = {isa = PBXFileReference; lastKnownFileType = sourcecode.swift; path = WaveTextModifier.swift; sourceTree = "<group>"; };
		A9139D2D266553A10065FEF8 /* Double+Angle.swift */ = {isa = PBXFileReference; lastKnownFileType = sourcecode.swift; path = "Double+Angle.swift"; sourceTree = "<group>"; };
		A9139D30266553C50065FEF8 /* WaveTextView.swift */ = {isa = PBXFileReference; lastKnownFileType = sourcecode.swift; path = WaveTextView.swift; sourceTree = "<group>"; };
		A9139D332665545B0065FEF8 /* Example12.swift */ = {isa = PBXFileReference; lastKnownFileType = sourcecode.swift; path = Example12.swift; sourceTree = "<group>"; };
		A9139D36266554C20065FEF8 /* MovingCounterModifier.swift */ = {isa = PBXFileReference; lastKnownFileType = sourcecode.swift; path = MovingCounterModifier.swift; sourceTree = "<group>"; };
		A9139D3A266555060065FEF8 /* MCMBackShape.swift */ = {isa = PBXFileReference; lastKnownFileType = sourcecode.swift; path = MCMBackShape.swift; sourceTree = "<group>"; };
		A9139D3D266555900065FEF8 /* MCMClipShape.swift */ = {isa = PBXFileReference; lastKnownFileType = sourcecode.swift; path = MCMClipShape.swift; sourceTree = "<group>"; };
		A9139D40266555EE0065FEF8 /* YShiftEffect.swift */ = {isa = PBXFileReference; lastKnownFileType = sourcecode.swift; path = YShiftEffect.swift; sourceTree = "<group>"; };
		A9139D432665566E0065FEF8 /* Example13.swift */ = {isa = PBXFileReference; lastKnownFileType = sourcecode.swift; path = Example13.swift; sourceTree = "<group>"; };
		A9139D46266557320065FEF8 /* MovingCounterView.swift */ = {isa = PBXFileReference; lastKnownFileType = sourcecode.swift; path = MovingCounterView.swift; sourceTree = "<group>"; };
		A9139D49266557EC0065FEF8 /* AnimatableColorTextView.swift */ = {isa = PBXFileReference; lastKnownFileType = sourcecode.swift; path = AnimatableColorTextView.swift; sourceTree = "<group>"; };
		A9139D4D266558060065FEF8 /* AnimatableColorTextModifier.swift */ = {isa = PBXFileReference; lastKnownFileType = sourcecode.swift; path = AnimatableColorTextModifier.swift; sourceTree = "<group>"; };
		A9139D502665599B0065FEF8 /* Example14.swift */ = {isa = PBXFileReference; lastKnownFileType = sourcecode.swift; path = Example14.swift; sourceTree = "<group>"; };
		A9139D5326655B6D0065FEF8 /* String+Title.swift */ = {isa = PBXFileReference; lastKnownFileType = sourcecode.swift; path = "String+Title.swift"; sourceTree = "<group>"; };
/* End PBXFileReference section */

/* Begin PBXFrameworksBuildPhase section */
		A9139C9926653C1D0065FEF8 /* Frameworks */ = {
			isa = PBXFrameworksBuildPhase;
			buildActionMask = 2147483647;
			files = (
			);
			runOnlyForDeploymentPostprocessing = 0;
		};
		A9139CA126653C1D0065FEF8 /* Frameworks */ = {
			isa = PBXFrameworksBuildPhase;
			buildActionMask = 2147483647;
			files = (
			);
			runOnlyForDeploymentPostprocessing = 0;
		};
/* End PBXFrameworksBuildPhase section */

/* Begin PBXGroup section */
		A9139C8F26653C1B0065FEF8 = {
			isa = PBXGroup;
			children = (
				A9139CBD26653CEE0065FEF8 /* README.md */,
				A9139C9426653C1B0065FEF8 /* Shared */,
				A9139C9E26653C1D0065FEF8 /* iOS */,
				A9139CA526653C1D0065FEF8 /* macOS */,
				A9139C9D26653C1D0065FEF8 /* Products */,
			);
			sourceTree = "<group>";
		};
		A9139C9426653C1B0065FEF8 /* Shared */ = {
			isa = PBXGroup;
			children = (
				A9139C9526653C1B0065FEF8 /* SwiftUILab_AAApp.swift */,
				A9139C9626653C1B0065FEF8 /* ContentView.swift */,
				A9139C9726653C1D0065FEF8 /* Assets.xcassets */,
				A9139CC6266541120065FEF8 /* Util */,
				A9139CC7266541230065FEF8 /* Common */,
				A9139CBC26653CBC0065FEF8 /* Example1 */,
				A9139CCB266541B00065FEF8 /* Example2 */,
				A9139CD2266542EC0065FEF8 /* Example3 */,
				A9139CD9266544A30065FEF8 /* Example4 */,
				A9139CE0266546820065FEF8 /* Example5 */,
				A9139CEA266547920065FEF8 /* Example6 */,
				A9139CF726654B970065FEF8 /* Example7 */,
				A9139D0126654D230065FEF8 /* Example8 */,
				A9139D0B26654E500065FEF8 /* Example9 */,
				A9139D1526654F1F0065FEF8 /* Example10 */,
				A9139D25266552A50065FEF8 /* Example11 */,
				A9139D2C266553610065FEF8 /* Example12 */,
				A9139D39266554C80065FEF8 /* Example13 */,
				A9139D4C266557F10065FEF8 /* Example14 */,
			);
			path = Shared;
			sourceTree = "<group>";
		};
		A9139C9D26653C1D0065FEF8 /* Products */ = {
			isa = PBXGroup;
			children = (
				A9139C9C26653C1D0065FEF8 /* SwiftUILab_AA.app */,
				A9139CA426653C1D0065FEF8 /* SwiftUILab_AA.app */,
			);
			name = Products;
			sourceTree = "<group>";
		};
		A9139C9E26653C1D0065FEF8 /* iOS */ = {
			isa = PBXGroup;
			children = (
				A9139C9F26653C1D0065FEF8 /* Info.plist */,
			);
			path = iOS;
			sourceTree = "<group>";
		};
		A9139CA526653C1D0065FEF8 /* macOS */ = {
			isa = PBXGroup;
			children = (
				A9139CA626653C1D0065FEF8 /* Info.plist */,
				A9139CA726653C1D0065FEF8 /* macOS.entitlements */,
			);
			path = macOS;
			sourceTree = "<group>";
		};
		A9139CBC26653CBC0065FEF8 /* Example1 */ = {
			isa = PBXGroup;
			children = (
				A9139CB926653CB60065FEF8 /* Example1PolygonShape.swift */,
				A9139CC026653D920065FEF8 /* Example1.swift */,
			);
			path = Example1;
			sourceTree = "<group>";
		};
		A9139CC6266541120065FEF8 /* Util */ = {
			isa = PBXGroup;
			children = (
				A9139CC3266540580065FEF8 /* View+OperatingSystem.swift */,
				A9139D2D266553A10065FEF8 /* Double+Angle.swift */,
				A9139D5326655B6D0065FEF8 /* String+Title.swift */,
			);
			path = Util;
			sourceTree = "<group>";
		};
		A9139CC7266541230065FEF8 /* Common */ = {
			isa = PBXGroup;
			children = (
				A9139CB626653C730065FEF8 /* MyButton.swift */,
			);
			path = Common;
			sourceTree = "<group>";
		};
		A9139CCB266541B00065FEF8 /* Example2 */ = {
			isa = PBXGroup;
			children = (
				A9139CC8266541AB0065FEF8 /* Example2PolygonShape.swift */,
				A9139CCC2665423A0065FEF8 /* Example2.swift */,
			);
			path = Example2;
			sourceTree = "<group>";
		};
		A9139CD2266542EC0065FEF8 /* Example3 */ = {
			isa = PBXGroup;
			children = (
				A9139CCF266542E50065FEF8 /* Example3PolygonShape.swift */,
				A9139CD32665443B0065FEF8 /* Example3.swift */,
			);
			path = Example3;
			sourceTree = "<group>";
		};
		A9139CD9266544A30065FEF8 /* Example4 */ = {
			isa = PBXGroup;
			children = (
				A9139CD62665449E0065FEF8 /* Example4PolygonShape.swift */,
				A9139CDA266544E80065FEF8 /* Example4.swift */,
			);
			path = Example4;
			sourceTree = "<group>";
		};
		A9139CE0266546820065FEF8 /* Example5 */ = {
			isa = PBXGroup;
			children = (
				A9139CE1266546A70065FEF8 /* ClockTime.swift */,
				A9139CDD2665467E0065FEF8 /* ClockShape.swift */,
				A9139CE4266547270065FEF8 /* Example5.swift */,
			);
			path = Example5;
			sourceTree = "<group>";
		};
		A9139CEA266547920065FEF8 /* Example6 */ = {
			isa = PBXGroup;
			children = (
				A9139CE72665478D0065FEF8 /* PetalShape.swift */,
				A9139CEB266548CD0065FEF8 /* FlowerColor.swift */,
				A9139CEE266549620065FEF8 /* FlowerView.swift */,
				A9139CF126654A050065FEF8 /* Example6.swift */,
			);
			path = Example6;
			sourceTree = "<group>";
		};
		A9139CF726654B970065FEF8 /* Example7 */ = {
			isa = PBXGroup;
			children = (
				A9139CF426654B920065FEF8 /* SkewedOffset.swift */,
				A9139CF826654BC00065FEF8 /* LabelView.swift */,
				A9139CFB26654C660065FEF8 /* Example7.swift */,
			);
			path = Example7;
			sourceTree = "<group>";
		};
		A9139D0126654D230065FEF8 /* Example8 */ = {
			isa = PBXGroup;
			children = (
				A9139D0226654D440065FEF8 /* FlipEffect.swift */,
				A9139CFE26654D1F0065FEF8 /* RotatingCard.swift */,
				A9139D0526654DE80065FEF8 /* Example8.swift */,
			);
			path = Example8;
			sourceTree = "<group>";
		};
		A9139D0B26654E500065FEF8 /* Example9 */ = {
			isa = PBXGroup;
			children = (
				A9139D0826654E4A0065FEF8 /* FollowEffect.swift */,
				A9139D0C26654E7A0065FEF8 /* InfinityShape.swift */,
				A9139D0F26654EC40065FEF8 /* Example9.swift */,
			);
			path = Example9;
			sourceTree = "<group>";
		};
		A9139D1526654F1F0065FEF8 /* Example10 */ = {
			isa = PBXGroup;
			children = (
				A9139D1C266550C10065FEF8 /* PercentArcShape.swift */,
				A9139D1926654F770065FEF8 /* PercentLabelView.swift */,
				A9139D1626654F410065FEF8 /* PercentageIndicatorModifier.swift */,
				A9139D1226654F1A0065FEF8 /* PercentIndicatorView.swift */,
				A9139D1F2665523D0065FEF8 /* Example10.swift */,
			);
			path = Example10;
			sourceTree = "<group>";
		};
		A9139D25266552A50065FEF8 /* Example11 */ = {
			isa = PBXGroup;
			children = (
				A9139D22266552A20065FEF8 /* AnimatableGradientModifier.swift */,
				A9139D26266552E10065FEF8 /* Example11.swift */,
			);
			path = Example11;
			sourceTree = "<group>";
		};
		A9139D2C266553610065FEF8 /* Example12 */ = {
			isa = PBXGroup;
			children = (
				A9139D292665535C0065FEF8 /* WaveTextModifier.swift */,
				A9139D30266553C50065FEF8 /* WaveTextView.swift */,
				A9139D332665545B0065FEF8 /* Example12.swift */,
			);
			path = Example12;
			sourceTree = "<group>";
		};
		A9139D39266554C80065FEF8 /* Example13 */ = {
			isa = PBXGroup;
			children = (
				A9139D40266555EE0065FEF8 /* YShiftEffect.swift */,
				A9139D3A266555060065FEF8 /* MCMBackShape.swift */,
				A9139D3D266555900065FEF8 /* MCMClipShape.swift */,
				A9139D36266554C20065FEF8 /* MovingCounterModifier.swift */,
				A9139D46266557320065FEF8 /* MovingCounterView.swift */,
				A9139D432665566E0065FEF8 /* Example13.swift */,
			);
			path = Example13;
			sourceTree = "<group>";
		};
		A9139D4C266557F10065FEF8 /* Example14 */ = {
			isa = PBXGroup;
			children = (
				A9139D4D266558060065FEF8 /* AnimatableColorTextModifier.swift */,
				A9139D49266557EC0065FEF8 /* AnimatableColorTextView.swift */,
				A9139D502665599B0065FEF8 /* Example14.swift */,
			);
			path = Example14;
			sourceTree = "<group>";
		};
/* End PBXGroup section */

/* Begin PBXNativeTarget section */
		A9139C9B26653C1D0065FEF8 /* SwiftUILab_AA (iOS) */ = {
			isa = PBXNativeTarget;
			buildConfigurationList = A9139CB026653C1D0065FEF8 /* Build configuration list for PBXNativeTarget "SwiftUILab_AA (iOS)" */;
			buildPhases = (
				A9139C9826653C1D0065FEF8 /* Sources */,
				A9139C9926653C1D0065FEF8 /* Frameworks */,
				A9139C9A26653C1D0065FEF8 /* Resources */,
			);
			buildRules = (
			);
			dependencies = (
			);
			name = "SwiftUILab_AA (iOS)";
			productName = "SwiftUILab_AA (iOS)";
			productReference = A9139C9C26653C1D0065FEF8 /* SwiftUILab_AA.app */;
			productType = "com.apple.product-type.application";
		};
		A9139CA326653C1D0065FEF8 /* SwiftUILab_AA (macOS) */ = {
			isa = PBXNativeTarget;
			buildConfigurationList = A9139CB326653C1D0065FEF8 /* Build configuration list for PBXNativeTarget "SwiftUILab_AA (macOS)" */;
			buildPhases = (
				A9139CA026653C1D0065FEF8 /* Sources */,
				A9139CA126653C1D0065FEF8 /* Frameworks */,
				A9139CA226653C1D0065FEF8 /* Resources */,
			);
			buildRules = (
			);
			dependencies = (
			);
			name = "SwiftUILab_AA (macOS)";
			productName = "SwiftUILab_AA (macOS)";
			productReference = A9139CA426653C1D0065FEF8 /* SwiftUILab_AA.app */;
			productType = "com.apple.product-type.application";
		};
/* End PBXNativeTarget section */

/* Begin PBXProject section */
		A9139C9026653C1B0065FEF8 /* Project object */ = {
			isa = PBXProject;
			attributes = {
				LastSwiftUpdateCheck = 1250;
				LastUpgradeCheck = 1250;
				TargetAttributes = {
					A9139C9B26653C1D0065FEF8 = {
						CreatedOnToolsVersion = 12.5;
					};
					A9139CA326653C1D0065FEF8 = {
						CreatedOnToolsVersion = 12.5;
					};
				};
			};
			buildConfigurationList = A9139C9326653C1B0065FEF8 /* Build configuration list for PBXProject "SwiftUILab_AA" */;
			compatibilityVersion = "Xcode 9.3";
			developmentRegion = en;
			hasScannedForEncodings = 0;
			knownRegions = (
				en,
				Base,
			);
			mainGroup = A9139C8F26653C1B0065FEF8;
			productRefGroup = A9139C9D26653C1D0065FEF8 /* Products */;
			projectDirPath = "";
			projectRoot = "";
			targets = (
				A9139C9B26653C1D0065FEF8 /* SwiftUILab_AA (iOS) */,
				A9139CA326653C1D0065FEF8 /* SwiftUILab_AA (macOS) */,
			);
		};
/* End PBXProject section */

/* Begin PBXResourcesBuildPhase section */
		A9139C9A26653C1D0065FEF8 /* Resources */ = {
			isa = PBXResourcesBuildPhase;
			buildActionMask = 2147483647;
			files = (
				A9139CBE26653CEE0065FEF8 /* README.md in Resources */,
				A9139CAC26653C1D0065FEF8 /* Assets.xcassets in Resources */,
			);
			runOnlyForDeploymentPostprocessing = 0;
		};
		A9139CA226653C1D0065FEF8 /* Resources */ = {
			isa = PBXResourcesBuildPhase;
			buildActionMask = 2147483647;
			files = (
				A9139CBF26653CEE0065FEF8 /* README.md in Resources */,
				A9139CAD26653C1D0065FEF8 /* Assets.xcassets in Resources */,
			);
			runOnlyForDeploymentPostprocessing = 0;
		};
/* End PBXResourcesBuildPhase section */

/* Begin PBXSourcesBuildPhase section */
		A9139C9826653C1D0065FEF8 /* Sources */ = {
			isa = PBXSourcesBuildPhase;
			buildActionMask = 2147483647;
			files = (
				A9139CFF26654D1F0065FEF8 /* RotatingCard.swift in Sources */,
				A9139CAA26653C1D0065FEF8 /* ContentView.swift in Sources */,
				A9139CE2266546A70065FEF8 /* ClockTime.swift in Sources */,
				A9139CF926654BC00065FEF8 /* LabelView.swift in Sources */,
				A9139CE82665478D0065FEF8 /* PetalShape.swift in Sources */,
				A9139D37266554C20065FEF8 /* MovingCounterModifier.swift in Sources */,
				A9139CF526654B920065FEF8 /* SkewedOffset.swift in Sources */,
				A9139D4E266558060065FEF8 /* AnimatableColorTextModifier.swift in Sources */,
				A9139CDB266544E80065FEF8 /* Example4.swift in Sources */,
				A9139CDE2665467E0065FEF8 /* ClockShape.swift in Sources */,
				A9139D2A2665535C0065FEF8 /* WaveTextModifier.swift in Sources */,
				A9139D512665599B0065FEF8 /* Example14.swift in Sources */,
				A9139D342665545B0065FEF8 /* Example12.swift in Sources */,
				A9139D0626654DE80065FEF8 /* Example8.swift in Sources */,
				A9139D0D26654E7A0065FEF8 /* InfinityShape.swift in Sources */,
				A9139D202665523D0065FEF8 /* Example10.swift in Sources */,
				A9139D1326654F1A0065FEF8 /* PercentIndicatorView.swift in Sources */,
				A9139D1026654EC40065FEF8 /* Example9.swift in Sources */,
				A9139D0926654E4A0065FEF8 /* FollowEffect.swift in Sources */,
				A9139CC9266541AB0065FEF8 /* Example2PolygonShape.swift in Sources */,
				A9139CA826653C1D0065FEF8 /* SwiftUILab_AAApp.swift in Sources */,
				A9139CF226654A050065FEF8 /* Example6.swift in Sources */,
				A9139D1D266550C10065FEF8 /* PercentArcShape.swift in Sources */,
				A9139D41266555EE0065FEF8 /* YShiftEffect.swift in Sources */,
				A9139D1A26654F770065FEF8 /* PercentLabelView.swift in Sources */,
				A9139CEF266549620065FEF8 /* FlowerView.swift in Sources */,
				A9139CB726653C730065FEF8 /* MyButton.swift in Sources */,
				A9139D3B266555060065FEF8 /* MCMBackShape.swift in Sources */,
				A9139D3E266555900065FEF8 /* MCMClipShape.swift in Sources */,
				A9139CC4266540580065FEF8 /* View+OperatingSystem.swift in Sources */,
				A9139D1726654F410065FEF8 /* PercentageIndicatorModifier.swift in Sources */,
				A9139CC126653D920065FEF8 /* Example1.swift in Sources */,
				A9139D2E266553A10065FEF8 /* Double+Angle.swift in Sources */,
				A9139D31266553C50065FEF8 /* WaveTextView.swift in Sources */,
				A9139CFC26654C660065FEF8 /* Example7.swift in Sources */,
				A9139D4A266557EC0065FEF8 /* AnimatableColorTextView.swift in Sources */,
				A9139D47266557320065FEF8 /* MovingCounterView.swift in Sources */,
				A9139D5426655B6D0065FEF8 /* String+Title.swift in Sources */,
				A9139D27266552E10065FEF8 /* Example11.swift in Sources */,
				A9139CBA26653CB60065FEF8 /* Example1PolygonShape.swift in Sources */,
				A9139D23266552A20065FEF8 /* AnimatableGradientModifier.swift in Sources */,
				A9139CD0266542E50065FEF8 /* Example3PolygonShape.swift in Sources */,
				A9139CD72665449E0065FEF8 /* Example4PolygonShape.swift in Sources */,
				A9139D442665566E0065FEF8 /* Example13.swift in Sources */,
				A9139D0326654D440065FEF8 /* FlipEffect.swift in Sources */,
				A9139CEC266548CD0065FEF8 /* FlowerColor.swift in Sources */,
				A9139CD42665443B0065FEF8 /* Example3.swift in Sources */,
				A9139CE5266547270065FEF8 /* Example5.swift in Sources */,
				A9139CCD2665423A0065FEF8 /* Example2.swift in Sources */,
			);
			runOnlyForDeploymentPostprocessing = 0;
		};
		A9139CA026653C1D0065FEF8 /* Sources */ = {
			isa = PBXSourcesBuildPhase;
			buildActionMask = 2147483647;
			files = (
				A9139D0026654D1F0065FEF8 /* RotatingCard.swift in Sources */,
				A9139CAB26653C1D0065FEF8 /* ContentView.swift in Sources */,
				A9139CE3266546A70065FEF8 /* ClockTime.swift in Sources */,
				A9139CFA26654BC00065FEF8 /* LabelView.swift in Sources */,
				A9139CE92665478D0065FEF8 /* PetalShape.swift in Sources */,
				A9139D38266554C20065FEF8 /* MovingCounterModifier.swift in Sources */,
				A9139CF626654B920065FEF8 /* SkewedOffset.swift in Sources */,
				A9139D4F266558060065FEF8 /* AnimatableColorTextModifier.swift in Sources */,
				A9139CDC266544E80065FEF8 /* Example4.swift in Sources */,
				A9139CDF2665467E0065FEF8 /* ClockShape.swift in Sources */,
				A9139D2B2665535C0065FEF8 /* WaveTextModifier.swift in Sources */,
				A9139D522665599B0065FEF8 /* Example14.swift in Sources */,
				A9139D352665545B0065FEF8 /* Example12.swift in Sources */,
				A9139D0726654DE80065FEF8 /* Example8.swift in Sources */,
				A9139D0E26654E7A0065FEF8 /* InfinityShape.swift in Sources */,
				A9139D212665523D0065FEF8 /* Example10.swift in Sources */,
				A9139D1426654F1A0065FEF8 /* PercentIndicatorView.swift in Sources */,
				A9139D1126654EC40065FEF8 /* Example9.swift in Sources */,
				A9139D0A26654E4A0065FEF8 /* FollowEffect.swift in Sources */,
				A9139CCA266541AB0065FEF8 /* Example2PolygonShape.swift in Sources */,
				A9139CA926653C1D0065FEF8 /* SwiftUILab_AAApp.swift in Sources */,
				A9139CF326654A050065FEF8 /* Example6.swift in Sources */,
				A9139D1E266550C10065FEF8 /* PercentArcShape.swift in Sources */,
				A9139D42266555EE0065FEF8 /* YShiftEffect.swift in Sources */,
				A9139D1B26654F770065FEF8 /* PercentLabelView.swift in Sources */,
				A9139CF0266549620065FEF8 /* FlowerView.swift in Sources */,
				A9139CB826653C730065FEF8 /* MyButton.swift in Sources */,
				A9139D3C266555060065FEF8 /* MCMBackShape.swift in Sources */,
				A9139D3F266555900065FEF8 /* MCMClipShape.swift in Sources */,
				A9139CC5266540580065FEF8 /* View+OperatingSystem.swift in Sources */,
				A9139D1826654F410065FEF8 /* PercentageIndicatorModifier.swift in Sources */,
				A9139CC226653D920065FEF8 /* Example1.swift in Sources */,
				A9139D2F266553A10065FEF8 /* Double+Angle.swift in Sources */,
				A9139D32266553C50065FEF8 /* WaveTextView.swift in Sources */,
				A9139CFD26654C660065FEF8 /* Example7.swift in Sources */,
				A9139D4B266557EC0065FEF8 /* AnimatableColorTextView.swift in Sources */,
				A9139D48266557320065FEF8 /* MovingCounterView.swift in Sources */,
				A9139D5526655B6D0065FEF8 /* String+Title.swift in Sources */,
				A9139D28266552E10065FEF8 /* Example11.swift in Sources */,
				A9139CBB26653CB60065FEF8 /* Example1PolygonShape.swift in Sources */,
				A9139D24266552A20065FEF8 /* AnimatableGradientModifier.swift in Sources */,
				A9139CD1266542E50065FEF8 /* Example3PolygonShape.swift in Sources */,
				A9139CD82665449E0065FEF8 /* Example4PolygonShape.swift in Sources */,
				A9139D452665566E0065FEF8 /* Example13.swift in Sources */,
				A9139D0426654D440065FEF8 /* FlipEffect.swift in Sources */,
				A9139CED266548CD0065FEF8 /* FlowerColor.swift in Sources */,
				A9139CD52665443B0065FEF8 /* Example3.swift in Sources */,
				A9139CE6266547270065FEF8 /* Example5.swift in Sources */,
				A9139CCE2665423A0065FEF8 /* Example2.swift in Sources */,
			);
			runOnlyForDeploymentPostprocessing = 0;
		};
/* End PBXSourcesBuildPhase section */

/* Begin XCBuildConfiguration section */
		A9139CAE26653C1D0065FEF8 /* Debug */ = {
			isa = XCBuildConfiguration;
			buildSettings = {
				ALWAYS_SEARCH_USER_PATHS = NO;
				CLANG_ANALYZER_NONNULL = YES;
				CLANG_ANALYZER_NUMBER_OBJECT_CONVERSION = YES_AGGRESSIVE;
				CLANG_CXX_LANGUAGE_STANDARD = "gnu++14";
				CLANG_CXX_LIBRARY = "libc++";
				CLANG_ENABLE_MODULES = YES;
				CLANG_ENABLE_OBJC_ARC = YES;
				CLANG_ENABLE_OBJC_WEAK = YES;
				CLANG_WARN_BLOCK_CAPTURE_AUTORELEASING = YES;
				CLANG_WARN_BOOL_CONVERSION = YES;
				CLANG_WARN_COMMA = YES;
				CLANG_WARN_CONSTANT_CONVERSION = YES;
				CLANG_WARN_DEPRECATED_OBJC_IMPLEMENTATIONS = YES;
				CLANG_WARN_DIRECT_OBJC_ISA_USAGE = YES_ERROR;
				CLANG_WARN_DOCUMENTATION_COMMENTS = YES;
				CLANG_WARN_EMPTY_BODY = YES;
				CLANG_WARN_ENUM_CONVERSION = YES;
				CLANG_WARN_INFINITE_RECURSION = YES;
				CLANG_WARN_INT_CONVERSION = YES;
				CLANG_WARN_NON_LITERAL_NULL_CONVERSION = YES;
				CLANG_WARN_OBJC_IMPLICIT_RETAIN_SELF = YES;
				CLANG_WARN_OBJC_LITERAL_CONVERSION = YES;
				CLANG_WARN_OBJC_ROOT_CLASS = YES_ERROR;
				CLANG_WARN_QUOTED_INCLUDE_IN_FRAMEWORK_HEADER = YES;
				CLANG_WARN_RANGE_LOOP_ANALYSIS = YES;
				CLANG_WARN_STRICT_PROTOTYPES = YES;
				CLANG_WARN_SUSPICIOUS_MOVE = YES;
				CLANG_WARN_UNGUARDED_AVAILABILITY = YES_AGGRESSIVE;
				CLANG_WARN_UNREACHABLE_CODE = YES;
				CLANG_WARN__DUPLICATE_METHOD_MATCH = YES;
				COPY_PHASE_STRIP = NO;
				DEBUG_INFORMATION_FORMAT = dwarf;
				ENABLE_STRICT_OBJC_MSGSEND = YES;
				ENABLE_TESTABILITY = YES;
				GCC_C_LANGUAGE_STANDARD = gnu11;
				GCC_DYNAMIC_NO_PIC = NO;
				GCC_NO_COMMON_BLOCKS = YES;
				GCC_OPTIMIZATION_LEVEL = 0;
				GCC_PREPROCESSOR_DEFINITIONS = (
					"DEBUG=1",
					"$(inherited)",
				);
				GCC_WARN_64_TO_32_BIT_CONVERSION = YES;
				GCC_WARN_ABOUT_RETURN_TYPE = YES_ERROR;
				GCC_WARN_UNDECLARED_SELECTOR = YES;
				GCC_WARN_UNINITIALIZED_AUTOS = YES_AGGRESSIVE;
				GCC_WARN_UNUSED_FUNCTION = YES;
				GCC_WARN_UNUSED_VARIABLE = YES;
				MTL_ENABLE_DEBUG_INFO = INCLUDE_SOURCE;
				MTL_FAST_MATH = YES;
				ONLY_ACTIVE_ARCH = YES;
				SWIFT_ACTIVE_COMPILATION_CONDITIONS = DEBUG;
				SWIFT_OPTIMIZATION_LEVEL = "-Onone";
			};
			name = Debug;
		};
		A9139CAF26653C1D0065FEF8 /* Release */ = {
			isa = XCBuildConfiguration;
			buildSettings = {
				ALWAYS_SEARCH_USER_PATHS = NO;
				CLANG_ANALYZER_NONNULL = YES;
				CLANG_ANALYZER_NUMBER_OBJECT_CONVERSION = YES_AGGRESSIVE;
				CLANG_CXX_LANGUAGE_STANDARD = "gnu++14";
				CLANG_CXX_LIBRARY = "libc++";
				CLANG_ENABLE_MODULES = YES;
				CLANG_ENABLE_OBJC_ARC = YES;
				CLANG_ENABLE_OBJC_WEAK = YES;
				CLANG_WARN_BLOCK_CAPTURE_AUTORELEASING = YES;
				CLANG_WARN_BOOL_CONVERSION = YES;
				CLANG_WARN_COMMA = YES;
				CLANG_WARN_CONSTANT_CONVERSION = YES;
				CLANG_WARN_DEPRECATED_OBJC_IMPLEMENTATIONS = YES;
				CLANG_WARN_DIRECT_OBJC_ISA_USAGE = YES_ERROR;
				CLANG_WARN_DOCUMENTATION_COMMENTS = YES;
				CLANG_WARN_EMPTY_BODY = YES;
				CLANG_WARN_ENUM_CONVERSION = YES;
				CLANG_WARN_INFINITE_RECURSION = YES;
				CLANG_WARN_INT_CONVERSION = YES;
				CLANG_WARN_NON_LITERAL_NULL_CONVERSION = YES;
				CLANG_WARN_OBJC_IMPLICIT_RETAIN_SELF = YES;
				CLANG_WARN_OBJC_LITERAL_CONVERSION = YES;
				CLANG_WARN_OBJC_ROOT_CLASS = YES_ERROR;
				CLANG_WARN_QUOTED_INCLUDE_IN_FRAMEWORK_HEADER = YES;
				CLANG_WARN_RANGE_LOOP_ANALYSIS = YES;
				CLANG_WARN_STRICT_PROTOTYPES = YES;
				CLANG_WARN_SUSPICIOUS_MOVE = YES;
				CLANG_WARN_UNGUARDED_AVAILABILITY = YES_AGGRESSIVE;
				CLANG_WARN_UNREACHABLE_CODE = YES;
				CLANG_WARN__DUPLICATE_METHOD_MATCH = YES;
				COPY_PHASE_STRIP = NO;
				DEBUG_INFORMATION_FORMAT = "dwarf-with-dsym";
				ENABLE_NS_ASSERTIONS = NO;
				ENABLE_STRICT_OBJC_MSGSEND = YES;
				GCC_C_LANGUAGE_STANDARD = gnu11;
				GCC_NO_COMMON_BLOCKS = YES;
				GCC_WARN_64_TO_32_BIT_CONVERSION = YES;
				GCC_WARN_ABOUT_RETURN_TYPE = YES_ERROR;
				GCC_WARN_UNDECLARED_SELECTOR = YES;
				GCC_WARN_UNINITIALIZED_AUTOS = YES_AGGRESSIVE;
				GCC_WARN_UNUSED_FUNCTION = YES;
				GCC_WARN_UNUSED_VARIABLE = YES;
				MTL_ENABLE_DEBUG_INFO = NO;
				MTL_FAST_MATH = YES;
				SWIFT_COMPILATION_MODE = wholemodule;
				SWIFT_OPTIMIZATION_LEVEL = "-O";
			};
			name = Release;
		};
		A9139CB126653C1D0065FEF8 /* Debug */ = {
			isa = XCBuildConfiguration;
			buildSettings = {
				ASSETCATALOG_COMPILER_APPICON_NAME = AppIcon;
				ASSETCATALOG_COMPILER_GLOBAL_ACCENT_COLOR_NAME = AccentColor;
				CODE_SIGN_STYLE = Automatic;
				DEVELOPMENT_TEAM = XBE2EP7T4F;
				ENABLE_PREVIEWS = YES;
				INFOPLIST_FILE = iOS/Info.plist;
				IPHONEOS_DEPLOYMENT_TARGET = 14.0;
				LD_RUNPATH_SEARCH_PATHS = (
					"$(inherited)",
					"@executable_path/Frameworks",
				);
				PRODUCT_BUNDLE_IDENTIFIER = "com.mihaelamj.me.SwiftUILab-AA";
				PRODUCT_NAME = SwiftUILab_AA;
				SDKROOT = iphoneos;
				SWIFT_VERSION = 5.0;
				TARGETED_DEVICE_FAMILY = "1,2";
			};
			name = Debug;
		};
		A9139CB226653C1D0065FEF8 /* Release */ = {
			isa = XCBuildConfiguration;
			buildSettings = {
				ASSETCATALOG_COMPILER_APPICON_NAME = AppIcon;
				ASSETCATALOG_COMPILER_GLOBAL_ACCENT_COLOR_NAME = AccentColor;
				CODE_SIGN_STYLE = Automatic;
				DEVELOPMENT_TEAM = XBE2EP7T4F;
				ENABLE_PREVIEWS = YES;
				INFOPLIST_FILE = iOS/Info.plist;
				IPHONEOS_DEPLOYMENT_TARGET = 14.0;
				LD_RUNPATH_SEARCH_PATHS = (
					"$(inherited)",
					"@executable_path/Frameworks",
				);
				PRODUCT_BUNDLE_IDENTIFIER = "com.mihaelamj.me.SwiftUILab-AA";
				PRODUCT_NAME = SwiftUILab_AA;
				SDKROOT = iphoneos;
				SWIFT_VERSION = 5.0;
				TARGETED_DEVICE_FAMILY = "1,2";
				VALIDATE_PRODUCT = YES;
			};
			name = Release;
		};
		A9139CB426653C1D0065FEF8 /* Debug */ = {
			isa = XCBuildConfiguration;
			buildSettings = {
				ASSETCATALOG_COMPILER_APPICON_NAME = AppIcon;
				ASSETCATALOG_COMPILER_GLOBAL_ACCENT_COLOR_NAME = AccentColor;
				CODE_SIGN_ENTITLEMENTS = macOS/macOS.entitlements;
				CODE_SIGN_STYLE = Automatic;
				COMBINE_HIDPI_IMAGES = YES;
				DEVELOPMENT_TEAM = XBE2EP7T4F;
				ENABLE_HARDENED_RUNTIME = YES;
				ENABLE_PREVIEWS = YES;
				INFOPLIST_FILE = macOS/Info.plist;
				LD_RUNPATH_SEARCH_PATHS = (
					"$(inherited)",
					"@executable_path/../Frameworks",
				);
				MACOSX_DEPLOYMENT_TARGET = 11.0;
				PRODUCT_BUNDLE_IDENTIFIER = "com.mihaelamj.me.SwiftUILab-AA";
				PRODUCT_NAME = SwiftUILab_AA;
				SDKROOT = macosx;
				SWIFT_VERSION = 5.0;
			};
			name = Debug;
		};
		A9139CB526653C1D0065FEF8 /* Release */ = {
			isa = XCBuildConfiguration;
			buildSettings = {
				ASSETCATALOG_COMPILER_APPICON_NAME = AppIcon;
				ASSETCATALOG_COMPILER_GLOBAL_ACCENT_COLOR_NAME = AccentColor;
				CODE_SIGN_ENTITLEMENTS = macOS/macOS.entitlements;
				CODE_SIGN_STYLE = Automatic;
				COMBINE_HIDPI_IMAGES = YES;
				DEVELOPMENT_TEAM = XBE2EP7T4F;
				ENABLE_HARDENED_RUNTIME = YES;
				ENABLE_PREVIEWS = YES;
				INFOPLIST_FILE = macOS/Info.plist;
				LD_RUNPATH_SEARCH_PATHS = (
					"$(inherited)",
					"@executable_path/../Frameworks",
				);
				MACOSX_DEPLOYMENT_TARGET = 11.0;
				PRODUCT_BUNDLE_IDENTIFIER = "com.mihaelamj.me.SwiftUILab-AA";
				PRODUCT_NAME = SwiftUILab_AA;
				SDKROOT = macosx;
				SWIFT_VERSION = 5.0;
			};
			name = Release;
		};
/* End XCBuildConfiguration section */

/* Begin XCConfigurationList section */
		A9139C9326653C1B0065FEF8 /* Build configuration list for PBXProject "SwiftUILab_AA" */ = {
			isa = XCConfigurationList;
			buildConfigurations = (
				A9139CAE26653C1D0065FEF8 /* Debug */,
				A9139CAF26653C1D0065FEF8 /* Release */,
			);
			defaultConfigurationIsVisible = 0;
			defaultConfigurationName = Release;
		};
		A9139CB026653C1D0065FEF8 /* Build configuration list for PBXNativeTarget "SwiftUILab_AA (iOS)" */ = {
			isa = XCConfigurationList;
			buildConfigurations = (
				A9139CB126653C1D0065FEF8 /* Debug */,
				A9139CB226653C1D0065FEF8 /* Release */,
			);
			defaultConfigurationIsVisible = 0;
			defaultConfigurationName = Release;
		};
		A9139CB326653C1D0065FEF8 /* Build configuration list for PBXNativeTarget "SwiftUILab_AA (macOS)" */ = {
			isa = XCConfigurationList;
			buildConfigurations = (
				A9139CB426653C1D0065FEF8 /* Debug */,
				A9139CB526653C1D0065FEF8 /* Release */,
			);
			defaultConfigurationIsVisible = 0;
			defaultConfigurationName = Release;
		};
/* End XCConfigurationList section */
	};
	rootObject = A9139C9026653C1B0065FEF8 /* Project object */;
}
