// !$*UTF8*$!
{
	archiveVersion = 1;
	classes = {
	};
	objectVersion = 50;
	objects = {

/* Begin PBXBuildFile section */
		A9139CA826653C1D0065FEF8 /* SwiftUILab_AAApp.swift in Sources */ = {isa = PBXBuildFile; fileRef = A9139C9526653C1B0065FEF8 /* SwiftUILab_AAApp.swift */; };
		A9139CA926653C1D0065FEF8 /* SwiftUILab_AAApp.swift in Sources */ = {isa = PBXBuildFile; fileRef = A9139C9526653C1B0065FEF8 /* SwiftUILab_AAApp.swift */; };
		A9139CAA26653C1D0065FEF8 /* ContentView.swift in Sources */ = {isa = PBXBuildFile; fileRef = A9139C9626653C1B0065FEF8 /* ContentView.swift */; };
		A9139CAB26653C1D0065FEF8 /* ContentView.swift in Sources */ = {isa = PBXBuildFile; fileRef = A9139C9626653C1B0065FEF8 /* ContentView.swift */; };
		A9139CAC26653C1D0065FEF8 /* Assets.xcassets in Resources */ = {isa = PBXBuildFile; fileRef = A9139C9726653C1D0065FEF8 /* Assets.xcassets */; };
		A9139CAD26653C1D0065FEF8 /* Assets.xcassets in Resources */ = {isa = PBXBuildFile; fileRef = A9139C9726653C1D0065FEF8 /* Assets.xcassets */; };
		A9139CB726653C730065FEF8 /* MyButton.swift in Sources */ = {isa = PBXBuildFile; fileRef = A9139CB626653C730065FEF8 /* MyButton.swift */; };
		A9139CB826653C730065FEF8 /* MyButton.swift in Sources */ = {isa = PBXBuildFile; fileRef = A9139CB626653C730065FEF8 /* MyButton.swift */; };
		A9139CBA26653CB60065FEF8 /* Example1PolygonShape.swift in Sources */ = {isa = PBXBuildFile; fileRef = A9139CB926653CB60065FEF8 /* Example1PolygonShape.swift */; };
		A9139CBB26653CB60065FEF8 /* Example1PolygonShape.swift in Sources */ = {isa = PBXBuildFile; fileRef = A9139CB926653CB60065FEF8 /* Example1PolygonShape.swift */; };
		A9139CBE26653CEE0065FEF8 /* README.md in Resources */ = {isa = PBXBuildFile; fileRef = A9139CBD26653CEE0065FEF8 /* README.md */; };
		A9139CBF26653CEE0065FEF8 /* README.md in Resources */ = {isa = PBXBuildFile; fileRef = A9139CBD26653CEE0065FEF8 /* README.md */; };
		A9139CC126653D920065FEF8 /* Example1.swift in Sources */ = {isa = PBXBuildFile; fileRef = A9139CC026653D920065FEF8 /* Example1.swift */; };
		A9139CC226653D920065FEF8 /* Example1.swift in Sources */ = {isa = PBXBuildFile; fileRef = A9139CC026653D920065FEF8 /* Example1.swift */; };
		A9139CC4266540580065FEF8 /* View+OperatingSystem.swift in Sources */ = {isa = PBXBuildFile; fileRef = A9139CC3266540580065FEF8 /* View+OperatingSystem.swift */; };
		A9139CC5266540580065FEF8 /* View+OperatingSystem.swift in Sources */ = {isa = PBXBuildFile; fileRef = A9139CC3266540580065FEF8 /* View+OperatingSystem.swift */; };
		A9139CC9266541AB0065FEF8 /* Example2PolygonShape.swift in Sources */ = {isa = PBXBuildFile; fileRef = A9139CC8266541AB0065FEF8 /* Example2PolygonShape.swift */; };
		A9139CCA266541AB0065FEF8 /* Example2PolygonShape.swift in Sources */ = {isa = PBXBuildFile; fileRef = A9139CC8266541AB0065FEF8 /* Example2PolygonShape.swift */; };
		A9139CCD2665423A0065FEF8 /* Example2.swift in Sources */ = {isa = PBXBuildFile; fileRef = A9139CCC2665423A0065FEF8 /* Example2.swift */; };
		A9139CCE2665423A0065FEF8 /* Example2.swift in Sources */ = {isa = PBXBuildFile; fileRef = A9139CCC2665423A0065FEF8 /* Example2.swift */; };
		A9139CD0266542E50065FEF8 /* Example3PolygonShape.swift in Sources */ = {isa = PBXBuildFile; fileRef = A9139CCF266542E50065FEF8 /* Example3PolygonShape.swift */; };
		A9139CD1266542E50065FEF8 /* Example3PolygonShape.swift in Sources */ = {isa = PBXBuildFile; fileRef = A9139CCF266542E50065FEF8 /* Example3PolygonShape.swift */; };
/* End PBXBuildFile section */

/* Begin PBXFileReference section */
		A9139C9526653C1B0065FEF8 /* SwiftUILab_AAApp.swift */ = {isa = PBXFileReference; lastKnownFileType = sourcecode.swift; path = SwiftUILab_AAApp.swift; sourceTree = "<group>"; };
		A9139C9626653C1B0065FEF8 /* ContentView.swift */ = {isa = PBXFileReference; lastKnownFileType = sourcecode.swift; path = ContentView.swift; sourceTree = "<group>"; };
		A9139C9726653C1D0065FEF8 /* Assets.xcassets */ = {isa = PBXFileReference; lastKnownFileType = folder.assetcatalog; path = Assets.xcassets; sourceTree = "<group>"; };
		A9139C9C26653C1D0065FEF8 /* SwiftUILab_AA.app */ = {isa = PBXFileReference; explicitFileType = wrapper.application; includeInIndex = 0; path = SwiftUILab_AA.app; sourceTree = BUILT_PRODUCTS_DIR; };
		A9139C9F26653C1D0065FEF8 /* Info.plist */ = {isa = PBXFileReference; lastKnownFileType = text.plist.xml; path = Info.plist; sourceTree = "<group>"; };
		A9139CA426653C1D0065FEF8 /* SwiftUILab_AA.app */ = {isa = PBXFileReference; explicitFileType = wrapper.application; includeInIndex = 0; path = SwiftUILab_AA.app; sourceTree = BUILT_PRODUCTS_DIR; };
		A9139CA626653C1D0065FEF8 /* Info.plist */ = {isa = PBXFileReference; lastKnownFileType = text.plist.xml; path = Info.plist; sourceTree = "<group>"; };
		A9139CA726653C1D0065FEF8 /* macOS.entitlements */ = {isa = PBXFileReference; lastKnownFileType = text.plist.entitlements; path = macOS.entitlements; sourceTree = "<group>"; };
		A9139CB626653C730065FEF8 /* MyButton.swift */ = {isa = PBXFileReference; lastKnownFileType = sourcecode.swift; path = MyButton.swift; sourceTree = "<group>"; };
		A9139CB926653CB60065FEF8 /* Example1PolygonShape.swift */ = {isa = PBXFileReference; lastKnownFileType = sourcecode.swift; path = Example1PolygonShape.swift; sourceTree = "<group>"; };
		A9139CBD26653CEE0065FEF8 /* README.md */ = {isa = PBXFileReference; fileEncoding = 4; lastKnownFileType = net.daringfireball.markdown; name = README.md; path = ../README.md; sourceTree = "<group>"; };
		A9139CC026653D920065FEF8 /* Example1.swift */ = {isa = PBXFileReference; lastKnownFileType = sourcecode.swift; path = Example1.swift; sourceTree = "<group>"; };
		A9139CC3266540580065FEF8 /* View+OperatingSystem.swift */ = {isa = PBXFileReference; fileEncoding = 4; lastKnownFileType = sourcecode.swift; path = "View+OperatingSystem.swift"; sourceTree = "<group>"; };
		A9139CC8266541AB0065FEF8 /* Example2PolygonShape.swift */ = {isa = PBXFileReference; lastKnownFileType = sourcecode.swift; path = Example2PolygonShape.swift; sourceTree = "<group>"; };
		A9139CCC2665423A0065FEF8 /* Example2.swift */ = {isa = PBXFileReference; lastKnownFileType = sourcecode.swift; path = Example2.swift; sourceTree = "<group>"; };
		A9139CCF266542E50065FEF8 /* Example3PolygonShape.swift */ = {isa = PBXFileReference; lastKnownFileType = sourcecode.swift; path = Example3PolygonShape.swift; sourceTree = "<group>"; };
/* End PBXFileReference section */

/* Begin PBXFrameworksBuildPhase section */
		A9139C9926653C1D0065FEF8 /* Frameworks */ = {
			isa = PBXFrameworksBuildPhase;
			buildActionMask = 2147483647;
			files = (
			);
			runOnlyForDeploymentPostprocessing = 0;
		};
		A9139CA126653C1D0065FEF8 /* Frameworks */ = {
			isa = PBXFrameworksBuildPhase;
			buildActionMask = 2147483647;
			files = (
			);
			runOnlyForDeploymentPostprocessing = 0;
		};
/* End PBXFrameworksBuildPhase section */

/* Begin PBXGroup section */
		A9139C8F26653C1B0065FEF8 = {
			isa = PBXGroup;
			children = (
				A9139CBD26653CEE0065FEF8 /* README.md */,
				A9139C9426653C1B0065FEF8 /* Shared */,
				A9139C9E26653C1D0065FEF8 /* iOS */,
				A9139CA526653C1D0065FEF8 /* macOS */,
				A9139C9D26653C1D0065FEF8 /* Products */,
			);
			sourceTree = "<group>";
		};
		A9139C9426653C1B0065FEF8 /* Shared */ = {
			isa = PBXGroup;
			children = (
				A9139C9526653C1B0065FEF8 /* SwiftUILab_AAApp.swift */,
				A9139C9626653C1B0065FEF8 /* ContentView.swift */,
				A9139C9726653C1D0065FEF8 /* Assets.xcassets */,
				A9139CC6266541120065FEF8 /* Util */,
				A9139CC7266541230065FEF8 /* Common */,
				A9139CBC26653CBC0065FEF8 /* Example1 */,
				A9139CCB266541B00065FEF8 /* Example2 */,
				A9139CD2266542EC0065FEF8 /* Example3 */,
			);
			path = Shared;
			sourceTree = "<group>";
		};
		A9139C9D26653C1D0065FEF8 /* Products */ = {
			isa = PBXGroup;
			children = (
				A9139C9C26653C1D0065FEF8 /* SwiftUILab_AA.app */,
				A9139CA426653C1D0065FEF8 /* SwiftUILab_AA.app */,
			);
			name = Products;
			sourceTree = "<group>";
		};
		A9139C9E26653C1D0065FEF8 /* iOS */ = {
			isa = PBXGroup;
			children = (
				A9139C9F26653C1D0065FEF8 /* Info.plist */,
			);
			path = iOS;
			sourceTree = "<group>";
		};
		A9139CA526653C1D0065FEF8 /* macOS */ = {
			isa = PBXGroup;
			children = (
				A9139CA626653C1D0065FEF8 /* Info.plist */,
				A9139CA726653C1D0065FEF8 /* macOS.entitlements */,
			);
			path = macOS;
			sourceTree = "<group>";
		};
		A9139CBC26653CBC0065FEF8 /* Example1 */ = {
			isa = PBXGroup;
			children = (
				A9139CB926653CB60065FEF8 /* Example1PolygonShape.swift */,
				A9139CC026653D920065FEF8 /* Example1.swift */,
			);
			path = Example1;
			sourceTree = "<group>";
		};
		A9139CC6266541120065FEF8 /* Util */ = {
			isa = PBXGroup;
			children = (
				A9139CC3266540580065FEF8 /* View+OperatingSystem.swift */,
			);
			path = Util;
			sourceTree = "<group>";
		};
		A9139CC7266541230065FEF8 /* Common */ = {
			isa = PBXGroup;
			children = (
				A9139CB626653C730065FEF8 /* MyButton.swift */,
			);
			path = Common;
			sourceTree = "<group>";
		};
		A9139CCB266541B00065FEF8 /* Example2 */ = {
			isa = PBXGroup;
			children = (
				A9139CC8266541AB0065FEF8 /* Example2PolygonShape.swift */,
				A9139CCC2665423A0065FEF8 /* Example2.swift */,
			);
			path = Example2;
			sourceTree = "<group>";
		};
		A9139CD2266542EC0065FEF8 /* Example3 */ = {
			isa = PBXGroup;
			children = (
				A9139CCF266542E50065FEF8 /* Example3PolygonShape.swift */,
			);
			path = Example3;
			sourceTree = "<group>";
		};
/* End PBXGroup section */

/* Begin PBXNativeTarget section */
		A9139C9B26653C1D0065FEF8 /* SwiftUILab_AA (iOS) */ = {
			isa = PBXNativeTarget;
			buildConfigurationList = A9139CB026653C1D0065FEF8 /* Build configuration list for PBXNativeTarget "SwiftUILab_AA (iOS)" */;
			buildPhases = (
				A9139C9826653C1D0065FEF8 /* Sources */,
				A9139C9926653C1D0065FEF8 /* Frameworks */,
				A9139C9A26653C1D0065FEF8 /* Resources */,
			);
			buildRules = (
			);
			dependencies = (
			);
			name = "SwiftUILab_AA (iOS)";
			productName = "SwiftUILab_AA (iOS)";
			productReference = A9139C9C26653C1D0065FEF8 /* SwiftUILab_AA.app */;
			productType = "com.apple.product-type.application";
		};
		A9139CA326653C1D0065FEF8 /* SwiftUILab_AA (macOS) */ = {
			isa = PBXNativeTarget;
			buildConfigurationList = A9139CB326653C1D0065FEF8 /* Build configuration list for PBXNativeTarget "SwiftUILab_AA (macOS)" */;
			buildPhases = (
				A9139CA026653C1D0065FEF8 /* Sources */,
				A9139CA126653C1D0065FEF8 /* Frameworks */,
				A9139CA226653C1D0065FEF8 /* Resources */,
			);
			buildRules = (
			);
			dependencies = (
			);
			name = "SwiftUILab_AA (macOS)";
			productName = "SwiftUILab_AA (macOS)";
			productReference = A9139CA426653C1D0065FEF8 /* SwiftUILab_AA.app */;
			productType = "com.apple.product-type.application";
		};
/* End PBXNativeTarget section */

/* Begin PBXProject section */
		A9139C9026653C1B0065FEF8 /* Project object */ = {
			isa = PBXProject;
			attributes = {
				LastSwiftUpdateCheck = 1250;
				LastUpgradeCheck = 1250;
				TargetAttributes = {
					A9139C9B26653C1D0065FEF8 = {
						CreatedOnToolsVersion = 12.5;
					};
					A9139CA326653C1D0065FEF8 = {
						CreatedOnToolsVersion = 12.5;
					};
				};
			};
			buildConfigurationList = A9139C9326653C1B0065FEF8 /* Build configuration list for PBXProject "SwiftUILab_AA" */;
			compatibilityVersion = "Xcode 9.3";
			developmentRegion = en;
			hasScannedForEncodings = 0;
			knownRegions = (
				en,
				Base,
			);
			mainGroup = A9139C8F26653C1B0065FEF8;
			productRefGroup = A9139C9D26653C1D0065FEF8 /* Products */;
			projectDirPath = "";
			projectRoot = "";
			targets = (
				A9139C9B26653C1D0065FEF8 /* SwiftUILab_AA (iOS) */,
				A9139CA326653C1D0065FEF8 /* SwiftUILab_AA (macOS) */,
			);
		};
/* End PBXProject section */

/* Begin PBXResourcesBuildPhase section */
		A9139C9A26653C1D0065FEF8 /* Resources */ = {
			isa = PBXResourcesBuildPhase;
			buildActionMask = 2147483647;
			files = (
				A9139CBE26653CEE0065FEF8 /* README.md in Resources */,
				A9139CAC26653C1D0065FEF8 /* Assets.xcassets in Resources */,
			);
			runOnlyForDeploymentPostprocessing = 0;
		};
		A9139CA226653C1D0065FEF8 /* Resources */ = {
			isa = PBXResourcesBuildPhase;
			buildActionMask = 2147483647;
			files = (
				A9139CBF26653CEE0065FEF8 /* README.md in Resources */,
				A9139CAD26653C1D0065FEF8 /* Assets.xcassets in Resources */,
			);
			runOnlyForDeploymentPostprocessing = 0;
		};
/* End PBXResourcesBuildPhase section */

/* Begin PBXSourcesBuildPhase section */
		A9139C9826653C1D0065FEF8 /* Sources */ = {
			isa = PBXSourcesBuildPhase;
			buildActionMask = 2147483647;
			files = (
				A9139CAA26653C1D0065FEF8 /* ContentView.swift in Sources */,
				A9139CC9266541AB0065FEF8 /* Example2PolygonShape.swift in Sources */,
				A9139CA826653C1D0065FEF8 /* SwiftUILab_AAApp.swift in Sources */,
				A9139CB726653C730065FEF8 /* MyButton.swift in Sources */,
				A9139CC4266540580065FEF8 /* View+OperatingSystem.swift in Sources */,
				A9139CC126653D920065FEF8 /* Example1.swift in Sources */,
				A9139CBA26653CB60065FEF8 /* Example1PolygonShape.swift in Sources */,
				A9139CD0266542E50065FEF8 /* Example3PolygonShape.swift in Sources */,
				A9139CCD2665423A0065FEF8 /* Example2.swift in Sources */,
			);
			runOnlyForDeploymentPostprocessing = 0;
		};
		A9139CA026653C1D0065FEF8 /* Sources */ = {
			isa = PBXSourcesBuildPhase;
			buildActionMask = 2147483647;
			files = (
				A9139CAB26653C1D0065FEF8 /* ContentView.swift in Sources */,
				A9139CCA266541AB0065FEF8 /* Example2PolygonShape.swift in Sources */,
				A9139CA926653C1D0065FEF8 /* SwiftUILab_AAApp.swift in Sources */,
				A9139CB826653C730065FEF8 /* MyButton.swift in Sources */,
				A9139CC5266540580065FEF8 /* View+OperatingSystem.swift in Sources */,
				A9139CC226653D920065FEF8 /* Example1.swift in Sources */,
				A9139CBB26653CB60065FEF8 /* Example1PolygonShape.swift in Sources */,
				A9139CD1266542E50065FEF8 /* Example3PolygonShape.swift in Sources */,
				A9139CCE2665423A0065FEF8 /* Example2.swift in Sources */,
			);
			runOnlyForDeploymentPostprocessing = 0;
		};
/* End PBXSourcesBuildPhase section */

/* Begin XCBuildConfiguration section */
		A9139CAE26653C1D0065FEF8 /* Debug */ = {
			isa = XCBuildConfiguration;
			buildSettings = {
				ALWAYS_SEARCH_USER_PATHS = NO;
				CLANG_ANALYZER_NONNULL = YES;
				CLANG_ANALYZER_NUMBER_OBJECT_CONVERSION = YES_AGGRESSIVE;
				CLANG_CXX_LANGUAGE_STANDARD = "gnu++14";
				CLANG_CXX_LIBRARY = "libc++";
				CLANG_ENABLE_MODULES = YES;
				CLANG_ENABLE_OBJC_ARC = YES;
				CLANG_ENABLE_OBJC_WEAK = YES;
				CLANG_WARN_BLOCK_CAPTURE_AUTORELEASING = YES;
				CLANG_WARN_BOOL_CONVERSION = YES;
				CLANG_WARN_COMMA = YES;
				CLANG_WARN_CONSTANT_CONVERSION = YES;
				CLANG_WARN_DEPRECATED_OBJC_IMPLEMENTATIONS = YES;
				CLANG_WARN_DIRECT_OBJC_ISA_USAGE = YES_ERROR;
				CLANG_WARN_DOCUMENTATION_COMMENTS = YES;
				CLANG_WARN_EMPTY_BODY = YES;
				CLANG_WARN_ENUM_CONVERSION = YES;
				CLANG_WARN_INFINITE_RECURSION = YES;
				CLANG_WARN_INT_CONVERSION = YES;
				CLANG_WARN_NON_LITERAL_NULL_CONVERSION = YES;
				CLANG_WARN_OBJC_IMPLICIT_RETAIN_SELF = YES;
				CLANG_WARN_OBJC_LITERAL_CONVERSION = YES;
				CLANG_WARN_OBJC_ROOT_CLASS = YES_ERROR;
				CLANG_WARN_QUOTED_INCLUDE_IN_FRAMEWORK_HEADER = YES;
				CLANG_WARN_RANGE_LOOP_ANALYSIS = YES;
				CLANG_WARN_STRICT_PROTOTYPES = YES;
				CLANG_WARN_SUSPICIOUS_MOVE = YES;
				CLANG_WARN_UNGUARDED_AVAILABILITY = YES_AGGRESSIVE;
				CLANG_WARN_UNREACHABLE_CODE = YES;
				CLANG_WARN__DUPLICATE_METHOD_MATCH = YES;
				COPY_PHASE_STRIP = NO;
				DEBUG_INFORMATION_FORMAT = dwarf;
				ENABLE_STRICT_OBJC_MSGSEND = YES;
				ENABLE_TESTABILITY = YES;
				GCC_C_LANGUAGE_STANDARD = gnu11;
				GCC_DYNAMIC_NO_PIC = NO;
				GCC_NO_COMMON_BLOCKS = YES;
				GCC_OPTIMIZATION_LEVEL = 0;
				GCC_PREPROCESSOR_DEFINITIONS = (
					"DEBUG=1",
					"$(inherited)",
				);
				GCC_WARN_64_TO_32_BIT_CONVERSION = YES;
				GCC_WARN_ABOUT_RETURN_TYPE = YES_ERROR;
				GCC_WARN_UNDECLARED_SELECTOR = YES;
				GCC_WARN_UNINITIALIZED_AUTOS = YES_AGGRESSIVE;
				GCC_WARN_UNUSED_FUNCTION = YES;
				GCC_WARN_UNUSED_VARIABLE = YES;
				MTL_ENABLE_DEBUG_INFO = INCLUDE_SOURCE;
				MTL_FAST_MATH = YES;
				ONLY_ACTIVE_ARCH = YES;
				SWIFT_ACTIVE_COMPILATION_CONDITIONS = DEBUG;
				SWIFT_OPTIMIZATION_LEVEL = "-Onone";
			};
			name = Debug;
		};
		A9139CAF26653C1D0065FEF8 /* Release */ = {
			isa = XCBuildConfiguration;
			buildSettings = {
				ALWAYS_SEARCH_USER_PATHS = NO;
				CLANG_ANALYZER_NONNULL = YES;
				CLANG_ANALYZER_NUMBER_OBJECT_CONVERSION = YES_AGGRESSIVE;
				CLANG_CXX_LANGUAGE_STANDARD = "gnu++14";
				CLANG_CXX_LIBRARY = "libc++";
				CLANG_ENABLE_MODULES = YES;
				CLANG_ENABLE_OBJC_ARC = YES;
				CLANG_ENABLE_OBJC_WEAK = YES;
				CLANG_WARN_BLOCK_CAPTURE_AUTORELEASING = YES;
				CLANG_WARN_BOOL_CONVERSION = YES;
				CLANG_WARN_COMMA = YES;
				CLANG_WARN_CONSTANT_CONVERSION = YES;
				CLANG_WARN_DEPRECATED_OBJC_IMPLEMENTATIONS = YES;
				CLANG_WARN_DIRECT_OBJC_ISA_USAGE = YES_ERROR;
				CLANG_WARN_DOCUMENTATION_COMMENTS = YES;
				CLANG_WARN_EMPTY_BODY = YES;
				CLANG_WARN_ENUM_CONVERSION = YES;
				CLANG_WARN_INFINITE_RECURSION = YES;
				CLANG_WARN_INT_CONVERSION = YES;
				CLANG_WARN_NON_LITERAL_NULL_CONVERSION = YES;
				CLANG_WARN_OBJC_IMPLICIT_RETAIN_SELF = YES;
				CLANG_WARN_OBJC_LITERAL_CONVERSION = YES;
				CLANG_WARN_OBJC_ROOT_CLASS = YES_ERROR;
				CLANG_WARN_QUOTED_INCLUDE_IN_FRAMEWORK_HEADER = YES;
				CLANG_WARN_RANGE_LOOP_ANALYSIS = YES;
				CLANG_WARN_STRICT_PROTOTYPES = YES;
				CLANG_WARN_SUSPICIOUS_MOVE = YES;
				CLANG_WARN_UNGUARDED_AVAILABILITY = YES_AGGRESSIVE;
				CLANG_WARN_UNREACHABLE_CODE = YES;
				CLANG_WARN__DUPLICATE_METHOD_MATCH = YES;
				COPY_PHASE_STRIP = NO;
				DEBUG_INFORMATION_FORMAT = "dwarf-with-dsym";
				ENABLE_NS_ASSERTIONS = NO;
				ENABLE_STRICT_OBJC_MSGSEND = YES;
				GCC_C_LANGUAGE_STANDARD = gnu11;
				GCC_NO_COMMON_BLOCKS = YES;
				GCC_WARN_64_TO_32_BIT_CONVERSION = YES;
				GCC_WARN_ABOUT_RETURN_TYPE = YES_ERROR;
				GCC_WARN_UNDECLARED_SELECTOR = YES;
				GCC_WARN_UNINITIALIZED_AUTOS = YES_AGGRESSIVE;
				GCC_WARN_UNUSED_FUNCTION = YES;
				GCC_WARN_UNUSED_VARIABLE = YES;
				MTL_ENABLE_DEBUG_INFO = NO;
				MTL_FAST_MATH = YES;
				SWIFT_COMPILATION_MODE = wholemodule;
				SWIFT_OPTIMIZATION_LEVEL = "-O";
			};
			name = Release;
		};
		A9139CB126653C1D0065FEF8 /* Debug */ = {
			isa = XCBuildConfiguration;
			buildSettings = {
				ASSETCATALOG_COMPILER_APPICON_NAME = AppIcon;
				ASSETCATALOG_COMPILER_GLOBAL_ACCENT_COLOR_NAME = AccentColor;
				CODE_SIGN_STYLE = Automatic;
				DEVELOPMENT_TEAM = XBE2EP7T4F;
				ENABLE_PREVIEWS = YES;
				INFOPLIST_FILE = iOS/Info.plist;
				IPHONEOS_DEPLOYMENT_TARGET = 14.0;
				LD_RUNPATH_SEARCH_PATHS = (
					"$(inherited)",
					"@executable_path/Frameworks",
				);
				PRODUCT_BUNDLE_IDENTIFIER = "com.mihaelamj.me.SwiftUILab-AA";
				PRODUCT_NAME = SwiftUILab_AA;
				SDKROOT = iphoneos;
				SWIFT_VERSION = 5.0;
				TARGETED_DEVICE_FAMILY = "1,2";
			};
			name = Debug;
		};
		A9139CB226653C1D0065FEF8 /* Release */ = {
			isa = XCBuildConfiguration;
			buildSettings = {
				ASSETCATALOG_COMPILER_APPICON_NAME = AppIcon;
				ASSETCATALOG_COMPILER_GLOBAL_ACCENT_COLOR_NAME = AccentColor;
				CODE_SIGN_STYLE = Automatic;
				DEVELOPMENT_TEAM = XBE2EP7T4F;
				ENABLE_PREVIEWS = YES;
				INFOPLIST_FILE = iOS/Info.plist;
				IPHONEOS_DEPLOYMENT_TARGET = 14.0;
				LD_RUNPATH_SEARCH_PATHS = (
					"$(inherited)",
					"@executable_path/Frameworks",
				);
				PRODUCT_BUNDLE_IDENTIFIER = "com.mihaelamj.me.SwiftUILab-AA";
				PRODUCT_NAME = SwiftUILab_AA;
				SDKROOT = iphoneos;
				SWIFT_VERSION = 5.0;
				TARGETED_DEVICE_FAMILY = "1,2";
				VALIDATE_PRODUCT = YES;
			};
			name = Release;
		};
		A9139CB426653C1D0065FEF8 /* Debug */ = {
			isa = XCBuildConfiguration;
			buildSettings = {
				ASSETCATALOG_COMPILER_APPICON_NAME = AppIcon;
				ASSETCATALOG_COMPILER_GLOBAL_ACCENT_COLOR_NAME = AccentColor;
				CODE_SIGN_ENTITLEMENTS = macOS/macOS.entitlements;
				CODE_SIGN_STYLE = Automatic;
				COMBINE_HIDPI_IMAGES = YES;
				DEVELOPMENT_TEAM = XBE2EP7T4F;
				ENABLE_HARDENED_RUNTIME = YES;
				ENABLE_PREVIEWS = YES;
				INFOPLIST_FILE = macOS/Info.plist;
				LD_RUNPATH_SEARCH_PATHS = (
					"$(inherited)",
					"@executable_path/../Frameworks",
				);
				MACOSX_DEPLOYMENT_TARGET = 11.0;
				PRODUCT_BUNDLE_IDENTIFIER = "com.mihaelamj.me.SwiftUILab-AA";
				PRODUCT_NAME = SwiftUILab_AA;
				SDKROOT = macosx;
				SWIFT_VERSION = 5.0;
			};
			name = Debug;
		};
		A9139CB526653C1D0065FEF8 /* Release */ = {
			isa = XCBuildConfiguration;
			buildSettings = {
				ASSETCATALOG_COMPILER_APPICON_NAME = AppIcon;
				ASSETCATALOG_COMPILER_GLOBAL_ACCENT_COLOR_NAME = AccentColor;
				CODE_SIGN_ENTITLEMENTS = macOS/macOS.entitlements;
				CODE_SIGN_STYLE = Automatic;
				COMBINE_HIDPI_IMAGES = YES;
				DEVELOPMENT_TEAM = XBE2EP7T4F;
				ENABLE_HARDENED_RUNTIME = YES;
				ENABLE_PREVIEWS = YES;
				INFOPLIST_FILE = macOS/Info.plist;
				LD_RUNPATH_SEARCH_PATHS = (
					"$(inherited)",
					"@executable_path/../Frameworks",
				);
				MACOSX_DEPLOYMENT_TARGET = 11.0;
				PRODUCT_BUNDLE_IDENTIFIER = "com.mihaelamj.me.SwiftUILab-AA";
				PRODUCT_NAME = SwiftUILab_AA;
				SDKROOT = macosx;
				SWIFT_VERSION = 5.0;
			};
			name = Release;
		};
/* End XCBuildConfiguration section */

/* Begin XCConfigurationList section */
		A9139C9326653C1B0065FEF8 /* Build configuration list for PBXProject "SwiftUILab_AA" */ = {
			isa = XCConfigurationList;
			buildConfigurations = (
				A9139CAE26653C1D0065FEF8 /* Debug */,
				A9139CAF26653C1D0065FEF8 /* Release */,
			);
			defaultConfigurationIsVisible = 0;
			defaultConfigurationName = Release;
		};
		A9139CB026653C1D0065FEF8 /* Build configuration list for PBXNativeTarget "SwiftUILab_AA (iOS)" */ = {
			isa = XCConfigurationList;
			buildConfigurations = (
				A9139CB126653C1D0065FEF8 /* Debug */,
				A9139CB226653C1D0065FEF8 /* Release */,
			);
			defaultConfigurationIsVisible = 0;
			defaultConfigurationName = Release;
		};
		A9139CB326653C1D0065FEF8 /* Build configuration list for PBXNativeTarget "SwiftUILab_AA (macOS)" */ = {
			isa = XCConfigurationList;
			buildConfigurations = (
				A9139CB426653C1D0065FEF8 /* Debug */,
				A9139CB526653C1D0065FEF8 /* Release */,
			);
			defaultConfigurationIsVisible = 0;
			defaultConfigurationName = Release;
		};
/* End XCConfigurationList section */
	};
	rootObject = A9139C9026653C1B0065FEF8 /* Project object */;
}
